
Microsoft Visual Studio Solution File, Format Version 12.00
# Visual Studio Version 17
VisualStudioVersion = 17.5.33530.505
MinimumVisualStudioVersion = 10.0.40219.1
Project("{FAE04EC0-301F-11D3-BF4B-00C04F79EFBC}") = "Proiect_1_Sfranciog", "Proiect_1_Sfranciog\Proiect_1_Sfranciog.csproj", "{94B49B38-F5CA-4410-AC4A-5782D921D783}"
EndProject
Global
	GlobalSection(SolutionConfigurationPlatforms) = preSolution
		Debug|Any CPU = Debug|Any CPU
		Release|Any CPU = Release|Any CPU
	EndGlobalSection
	GlobalSection(ProjectConfigurationPlatforms) = postSolution
		{94B49B38-F5CA-4410-AC4A-5782D921D783}.Debug|Any CPU.ActiveCfg = Debug|Any CPU
		{94B49B38-F5CA-4410-AC4A-5782D921D783}.Debug|Any CPU.Build.0 = Debug|Any CPU
		{94B49B38-F5CA-4410-AC4A-5782D921D783}.Release|Any CPU.ActiveCfg = Release|Any CPU
		{94B49B38-F5CA-4410-AC4A-5782D921D783}.Release|Any CPU.Build.0 = Release|Any CPU
	EndGlobalSection
	GlobalSection(SolutionProperties) = preSolution
		HideSolutionNode = FALSE
	EndGlobalSection
	GlobalSection(ExtensibilityGlobals) = postSolution
		SolutionGuid = {B1FE58B7-1741-4C5F-955F-7852185A0AF4}
	EndGlobalSection
EndGlobal
